
Microsoft Visual Studio Solution File, Format Version 12.00
# Visual Studio Version 17
VisualStudioVersion = 17.14.36414.22
MinimumVisualStudioVersion = 10.0.40219.1
Project("{FAE04EC0-301F-11D3-BF4B-00C04F79EFBC}") = "EmployeeManagementSystems", "EmployeeManagementSystems\EmployeeManagementSystems.csproj", "{B769A466-5234-4CF1-B727-D180768D77EA}"
EndProject
Global
	GlobalSection(SolutionConfigurationPlatforms) = preSolution
		Debug|Any CPU = Debug|Any CPU
		Release|Any CPU = Release|Any CPU
	EndGlobalSection
	GlobalSection(ProjectConfigurationPlatforms) = postSolution
		{B769A466-5234-4CF1-B727-D180768D77EA}.Debug|Any CPU.ActiveCfg = Debug|Any CPU
		{B769A466-5234-4CF1-B727-D180768D77EA}.Debug|Any CPU.Build.0 = Debug|Any CPU
		{B769A466-5234-4CF1-B727-D180768D77EA}.Release|Any CPU.ActiveCfg = Release|Any CPU
		{B769A466-5234-4CF1-B727-D180768D77EA}.Release|Any CPU.Build.0 = Release|Any CPU
	EndGlobalSection
	GlobalSection(SolutionProperties) = preSolution
		HideSolutionNode = FALSE
	EndGlobalSection
	GlobalSection(ExtensibilityGlobals) = postSolution
		SolutionGuid = {2E1440B3-5E3E-4985-AE5F-F117F9D32C5B}
	EndGlobalSection
EndGlobal
